
Microsoft Visual Studio Solution File, Format Version 12.00
# Visual Studio Version 16
VisualStudioVersion = 16.0.31229.75
MinimumVisualStudioVersion = 10.0.40219.1
Project("{FAE04EC0-301F-11D3-BF4B-00C04F79EFBC}") = "VariableLecture2", "VariableLecture2\VariableLecture2.csproj", "{E1BB7095-7217-4DC3-A190-2DE6F5A2146F}"
EndProject
Global
	GlobalSection(SolutionConfigurationPlatforms) = preSolution
		Debug|Any CPU = Debug|Any CPU
		Release|Any CPU = Release|Any CPU
	EndGlobalSection
	GlobalSection(ProjectConfigurationPlatforms) = postSolution
		{E1BB7095-7217-4DC3-A190-2DE6F5A2146F}.Debug|Any CPU.ActiveCfg = Debug|Any CPU
		{E1BB7095-7217-4DC3-A190-2DE6F5A2146F}.Debug|Any CPU.Build.0 = Debug|Any CPU
		{E1BB7095-7217-4DC3-A190-2DE6F5A2146F}.Release|Any CPU.ActiveCfg = Release|Any CPU
		{E1BB7095-7217-4DC3-A190-2DE6F5A2146F}.Release|Any CPU.Build.0 = Release|Any CPU
	EndGlobalSection
	GlobalSection(SolutionProperties) = preSolution
		HideSolutionNode = FALSE
	EndGlobalSection
	GlobalSection(ExtensibilityGlobals) = postSolution
		SolutionGuid = {9A936C73-9385-42FC-8B19-F0D18359F7D4}
	EndGlobalSection
EndGlobal
